// !$*UTF8*$!
{
	archiveVersion = 1;
	classes = {
	};
	objectVersion = 56;
	objects = {

/* Begin PBXBuildFile section */
		BA5FA9B62BAEC95500319765 /* AppDelegate.swift in Sources */ = {isa = PBXBuildFile; fileRef = BA5FA9B52BAEC95500319765 /* AppDelegate.swift */; };
		BA5FA9B82BAEC95500319765 /* SceneDelegate.swift in Sources */ = {isa = PBXBuildFile; fileRef = BA5FA9B72BAEC95500319765 /* SceneDelegate.swift */; };
		BA5FA9BD2BAEC95500319765 /* Main.storyboard in Resources */ = {isa = PBXBuildFile; fileRef = BA5FA9BB2BAEC95500319765 /* Main.storyboard */; };
		BA5FA9BF2BAEC95600319765 /* Assets.xcassets in Resources */ = {isa = PBXBuildFile; fileRef = BA5FA9BE2BAEC95600319765 /* Assets.xcassets */; };
		BA5FA9C22BAEC95600319765 /* LaunchScreen.storyboard in Resources */ = {isa = PBXBuildFile; fileRef = BA5FA9C02BAEC95600319765 /* LaunchScreen.storyboard */; };
		BA5FA9CB2BAEC96400319765 /* WalletPage.swift in Sources */ = {isa = PBXBuildFile; fileRef = BA5FA9C92BAEC96400319765 /* WalletPage.swift */; };
		BA5FA9CC2BAEC96400319765 /* WalletCell.swift in Sources */ = {isa = PBXBuildFile; fileRef = BA5FA9CA2BAEC96400319765 /* WalletCell.swift */; };
		BA5FA9CE2BAED14500319765 /* WalletTransferPage.swift in Sources */ = {isa = PBXBuildFile; fileRef = BA5FA9CD2BAED14500319765 /* WalletTransferPage.swift */; };
		BA5FA9D22BAED18800319765 /* PurchaseCell.xib in Resources */ = {isa = PBXBuildFile; fileRef = BA5FA9CF2BAED18800319765 /* PurchaseCell.xib */; };
		BA5FA9D32BAED18800319765 /* PurchasePage.swift in Sources */ = {isa = PBXBuildFile; fileRef = BA5FA9D02BAED18800319765 /* PurchasePage.swift */; };
		BA5FA9D42BAED18800319765 /* PurchaseCell.swift in Sources */ = {isa = PBXBuildFile; fileRef = BA5FA9D12BAED18800319765 /* PurchaseCell.swift */; };
/* End PBXBuildFile section */

/* Begin PBXFileReference section */
		BA5FA9B22BAEC95500319765 /* UserWallet.app */ = {isa = PBXFileReference; explicitFileType = wrapper.application; includeInIndex = 0; path = UserWallet.app; sourceTree = BUILT_PRODUCTS_DIR; };
		BA5FA9B52BAEC95500319765 /* AppDelegate.swift */ = {isa = PBXFileReference; lastKnownFileType = sourcecode.swift; path = AppDelegate.swift; sourceTree = "<group>"; };
		BA5FA9B72BAEC95500319765 /* SceneDelegate.swift */ = {isa = PBXFileReference; lastKnownFileType = sourcecode.swift; path = SceneDelegate.swift; sourceTree = "<group>"; };
		BA5FA9BC2BAEC95500319765 /* Base */ = {isa = PBXFileReference; lastKnownFileType = file.storyboard; name = Base; path = Base.lproj/Main.storyboard; sourceTree = "<group>"; };
		BA5FA9BE2BAEC95600319765 /* Assets.xcassets */ = {isa = PBXFileReference; lastKnownFileType = folder.assetcatalog; path = Assets.xcassets; sourceTree = "<group>"; };
		BA5FA9C12BAEC95600319765 /* Base */ = {isa = PBXFileReference; lastKnownFileType = file.storyboard; name = Base; path = Base.lproj/LaunchScreen.storyboard; sourceTree = "<group>"; };
		BA5FA9C32BAEC95600319765 /* Info.plist */ = {isa = PBXFileReference; lastKnownFileType = text.plist.xml; path = Info.plist; sourceTree = "<group>"; };
		BA5FA9C92BAEC96400319765 /* WalletPage.swift */ = {isa = PBXFileReference; fileEncoding = 4; lastKnownFileType = sourcecode.swift; path = WalletPage.swift; sourceTree = "<group>"; };
		BA5FA9CA2BAEC96400319765 /* WalletCell.swift */ = {isa = PBXFileReference; fileEncoding = 4; lastKnownFileType = sourcecode.swift; path = WalletCell.swift; sourceTree = "<group>"; };
		BA5FA9CD2BAED14500319765 /* WalletTransferPage.swift */ = {isa = PBXFileReference; fileEncoding = 4; lastKnownFileType = sourcecode.swift; path = WalletTransferPage.swift; sourceTree = "<group>"; };
		BA5FA9CF2BAED18800319765 /* PurchaseCell.xib */ = {isa = PBXFileReference; fileEncoding = 4; lastKnownFileType = file.xib; path = PurchaseCell.xib; sourceTree = "<group>"; };
		BA5FA9D02BAED18800319765 /* PurchasePage.swift */ = {isa = PBXFileReference; fileEncoding = 4; lastKnownFileType = sourcecode.swift; path = PurchasePage.swift; sourceTree = "<group>"; };
		BA5FA9D12BAED18800319765 /* PurchaseCell.swift */ = {isa = PBXFileReference; fileEncoding = 4; lastKnownFileType = sourcecode.swift; path = PurchaseCell.swift; sourceTree = "<group>"; };
/* End PBXFileReference section */

/* Begin PBXFrameworksBuildPhase section */
		BA5FA9AF2BAEC95500319765 /* Frameworks */ = {
			isa = PBXFrameworksBuildPhase;
			buildActionMask = 2147483647;
			files = (
			);
			runOnlyForDeploymentPostprocessing = 0;
		};
/* End PBXFrameworksBuildPhase section */

/* Begin PBXGroup section */
		BA5FA9A92BAEC95500319765 = {
			isa = PBXGroup;
			children = (
				BA5FA9B42BAEC95500319765 /* UserWallet */,
				BA5FA9B32BAEC95500319765 /* Products */,
			);
			sourceTree = "<group>";
		};
		BA5FA9B32BAEC95500319765 /* Products */ = {
			isa = PBXGroup;
			children = (
				BA5FA9B22BAEC95500319765 /* UserWallet.app */,
			);
			name = Products;
			sourceTree = "<group>";
		};
		BA5FA9B42BAEC95500319765 /* UserWallet */ = {
			isa = PBXGroup;
			children = (
				BA5FA9D12BAED18800319765 /* PurchaseCell.swift */,
				BA5FA9CF2BAED18800319765 /* PurchaseCell.xib */,
				BA5FA9D02BAED18800319765 /* PurchasePage.swift */,
				BA5FA9CD2BAED14500319765 /* WalletTransferPage.swift */,
				BA5FA9CA2BAEC96400319765 /* WalletCell.swift */,
				BA5FA9C92BAEC96400319765 /* WalletPage.swift */,
				BA5FA9B52BAEC95500319765 /* AppDelegate.swift */,
				BA5FA9B72BAEC95500319765 /* SceneDelegate.swift */,
				BA5FA9BB2BAEC95500319765 /* Main.storyboard */,
				BA5FA9BE2BAEC95600319765 /* Assets.xcassets */,
				BA5FA9C02BAEC95600319765 /* LaunchScreen.storyboard */,
				BA5FA9C32BAEC95600319765 /* Info.plist */,
			);
			path = UserWallet;
			sourceTree = "<group>";
		};
/* End PBXGroup section */

/* Begin PBXNativeTarget section */
		BA5FA9B12BAEC95500319765 /* UserWallet */ = {
			isa = PBXNativeTarget;
			buildConfigurationList = BA5FA9C62BAEC95600319765 /* Build configuration list for PBXNativeTarget "UserWallet" */;
			buildPhases = (
				BA5FA9AE2BAEC95500319765 /* Sources */,
				BA5FA9AF2BAEC95500319765 /* Frameworks */,
				BA5FA9B02BAEC95500319765 /* Resources */,
			);
			buildRules = (
			);
			dependencies = (
			);
			name = UserWallet;
			productName = UserWallet;
			productReference = BA5FA9B22BAEC95500319765 /* UserWallet.app */;
			productType = "com.apple.product-type.application";
		};
/* End PBXNativeTarget section */

/* Begin PBXProject section */
		BA5FA9AA2BAEC95500319765 /* Project object */ = {
			isa = PBXProject;
			attributes = {
				BuildIndependentTargetsInParallel = 1;
				LastSwiftUpdateCheck = 1410;
				LastUpgradeCheck = 1410;
				TargetAttributes = {
					BA5FA9B12BAEC95500319765 = {
						CreatedOnToolsVersion = 14.1;
					};
				};
			};
			buildConfigurationList = BA5FA9AD2BAEC95500319765 /* Build configuration list for PBXProject "UserWallet" */;
			compatibilityVersion = "Xcode 14.0";
			developmentRegion = en;
			hasScannedForEncodings = 0;
			knownRegions = (
				en,
				Base,
			);
			mainGroup = BA5FA9A92BAEC95500319765;
			productRefGroup = BA5FA9B32BAEC95500319765 /* Products */;
			projectDirPath = "";
			projectRoot = "";
			targets = (
				BA5FA9B12BAEC95500319765 /* UserWallet */,
			);
		};
/* End PBXProject section */

/* Begin PBXResourcesBuildPhase section */
		BA5FA9B02BAEC95500319765 /* Resources */ = {
			isa = PBXResourcesBuildPhase;
			buildActionMask = 2147483647;
			files = (
				BA5FA9D22BAED18800319765 /* PurchaseCell.xib in Resources */,
				BA5FA9C22BAEC95600319765 /* LaunchScreen.storyboard in Resources */,
				BA5FA9BF2BAEC95600319765 /* Assets.xcassets in Resources */,
				BA5FA9BD2BAEC95500319765 /* Main.storyboard in Resources */,
			);
			runOnlyForDeploymentPostprocessing = 0;
		};
/* End PBXResourcesBuildPhase section */

/* Begin PBXSourcesBuildPhase section */
		BA5FA9AE2BAEC95500319765 /* Sources */ = {
			isa = PBXSourcesBuildPhase;
			buildActionMask = 2147483647;
			files = (
				BA5FA9D42BAED18800319765 /* PurchaseCell.swift in Sources */,
				BA5FA9CB2BAEC96400319765 /* WalletPage.swift in Sources */,
				BA5FA9CC2BAEC96400319765 /* WalletCell.swift in Sources */,
				BA5FA9B62BAEC95500319765 /* AppDelegate.swift in Sources */,
				BA5FA9CE2BAED14500319765 /* WalletTransferPage.swift in Sources */,
				BA5FA9D32BAED18800319765 /* PurchasePage.swift in Sources */,
				BA5FA9B82BAEC95500319765 /* SceneDelegate.swift in Sources */,
			);
			runOnlyForDeploymentPostprocessing = 0;
		};
/* End PBXSourcesBuildPhase section */

/* Begin PBXVariantGroup section */
		BA5FA9BB2BAEC95500319765 /* Main.storyboard */ = {
			isa = PBXVariantGroup;
			children = (
				BA5FA9BC2BAEC95500319765 /* Base */,
			);
			name = Main.storyboard;
			sourceTree = "<group>";
		};
		BA5FA9C02BAEC95600319765 /* LaunchScreen.storyboard */ = {
			isa = PBXVariantGroup;
			children = (
				BA5FA9C12BAEC95600319765 /* Base */,
			);
			name = LaunchScreen.storyboard;
			sourceTree = "<group>";
		};
/* End PBXVariantGroup section */

/* Begin XCBuildConfiguration section */
		BA5FA9C42BAEC95600319765 /* Debug */ = {
			isa = XCBuildConfiguration;
			buildSettings = {
				ALWAYS_SEARCH_USER_PATHS = NO;
				CLANG_ANALYZER_NONNULL = YES;
				CLANG_ANALYZER_NUMBER_OBJECT_CONVERSION = YES_AGGRESSIVE;
				CLANG_CXX_LANGUAGE_STANDARD = "gnu++20";
				CLANG_ENABLE_MODULES = YES;
				CLANG_ENABLE_OBJC_ARC = YES;
				CLANG_ENABLE_OBJC_WEAK = YES;
				CLANG_WARN_BLOCK_CAPTURE_AUTORELEASING = YES;
				CLANG_WARN_BOOL_CONVERSION = YES;
				CLANG_WARN_COMMA = YES;
				CLANG_WARN_CONSTANT_CONVERSION = YES;
				CLANG_WARN_DEPRECATED_OBJC_IMPLEMENTATIONS = YES;
				CLANG_WARN_DIRECT_OBJC_ISA_USAGE = YES_ERROR;
				CLANG_WARN_DOCUMENTATION_COMMENTS = YES;
				CLANG_WARN_EMPTY_BODY = YES;
				CLANG_WARN_ENUM_CONVERSION = YES;
				CLANG_WARN_INFINITE_RECURSION = YES;
				CLANG_WARN_INT_CONVERSION = YES;
				CLANG_WARN_NON_LITERAL_NULL_CONVERSION = YES;
				CLANG_WARN_OBJC_IMPLICIT_RETAIN_SELF = YES;
				CLANG_WARN_OBJC_LITERAL_CONVERSION = YES;
				CLANG_WARN_OBJC_ROOT_CLASS = YES_ERROR;
				CLANG_WARN_QUOTED_INCLUDE_IN_FRAMEWORK_HEADER = YES;
				CLANG_WARN_RANGE_LOOP_ANALYSIS = YES;
				CLANG_WARN_STRICT_PROTOTYPES = YES;
				CLANG_WARN_SUSPICIOUS_MOVE = YES;
				CLANG_WARN_UNGUARDED_AVAILABILITY = YES_AGGRESSIVE;
				CLANG_WARN_UNREACHABLE_CODE = YES;
				CLANG_WARN__DUPLICATE_METHOD_MATCH = YES;
				COPY_PHASE_STRIP = NO;
				DEBUG_INFORMATION_FORMAT = dwarf;
				ENABLE_STRICT_OBJC_MSGSEND = YES;
				ENABLE_TESTABILITY = YES;
				GCC_C_LANGUAGE_STANDARD = gnu11;
				GCC_DYNAMIC_NO_PIC = NO;
				GCC_NO_COMMON_BLOCKS = YES;
				GCC_OPTIMIZATION_LEVEL = 0;
				GCC_PREPROCESSOR_DEFINITIONS = (
					"DEBUG=1",
					"$(inherited)",
				);
				GCC_WARN_64_TO_32_BIT_CONVERSION = YES;
				GCC_WARN_ABOUT_RETURN_TYPE = YES_ERROR;
				GCC_WARN_UNDECLARED_SELECTOR = YES;
				GCC_WARN_UNINITIALIZED_AUTOS = YES_AGGRESSIVE;
				GCC_WARN_UNUSED_FUNCTION = YES;
				GCC_WARN_UNUSED_VARIABLE = YES;
				IPHONEOS_DEPLOYMENT_TARGET = 16.1;
				MTL_ENABLE_DEBUG_INFO = INCLUDE_SOURCE;
				MTL_FAST_MATH = YES;
				ONLY_ACTIVE_ARCH = YES;
				SDKROOT = iphoneos;
				SWIFT_ACTIVE_COMPILATION_CONDITIONS = DEBUG;
				SWIFT_OPTIMIZATION_LEVEL = "-Onone";
			};
			name = Debug;
		};
		BA5FA9C52BAEC95600319765 /* Release */ = {
			isa = XCBuildConfiguration;
			buildSettings = {
				ALWAYS_SEARCH_USER_PATHS = NO;
				CLANG_ANALYZER_NONNULL = YES;
				CLANG_ANALYZER_NUMBER_OBJECT_CONVERSION = YES_AGGRESSIVE;
				CLANG_CXX_LANGUAGE_STANDARD = "gnu++20";
				CLANG_ENABLE_MODULES = YES;
				CLANG_ENABLE_OBJC_ARC = YES;
				CLANG_ENABLE_OBJC_WEAK = YES;
				CLANG_WARN_BLOCK_CAPTURE_AUTORELEASING = YES;
				CLANG_WARN_BOOL_CONVERSION = YES;
				CLANG_WARN_COMMA = YES;
				CLANG_WARN_CONSTANT_CONVERSION = YES;
				CLANG_WARN_DEPRECATED_OBJC_IMPLEMENTATIONS = YES;
				CLANG_WARN_DIRECT_OBJC_ISA_USAGE = YES_ERROR;
				CLANG_WARN_DOCUMENTATION_COMMENTS = YES;
				CLANG_WARN_EMPTY_BODY = YES;
				CLANG_WARN_ENUM_CONVERSION = YES;
				CLANG_WARN_INFINITE_RECURSION = YES;
				CLANG_WARN_INT_CONVERSION = YES;
				CLANG_WARN_NON_LITERAL_NULL_CONVERSION = YES;
				CLANG_WARN_OBJC_IMPLICIT_RETAIN_SELF = YES;
				CLANG_WARN_OBJC_LITERAL_CONVERSION = YES;
				CLANG_WARN_OBJC_ROOT_CLASS = YES_ERROR;
				CLANG_WARN_QUOTED_INCLUDE_IN_FRAMEWORK_HEADER = YES;
				CLANG_WARN_RANGE_LOOP_ANALYSIS = YES;
				CLANG_WARN_STRICT_PROTOTYPES = YES;
				CLANG_WARN_SUSPICIOUS_MOVE = YES;
				CLANG_WARN_UNGUARDED_AVAILABILITY = YES_AGGRESSIVE;
				CLANG_WARN_UNREACHABLE_CODE = YES;
				CLANG_WARN__DUPLICATE_METHOD_MATCH = YES;
				COPY_PHASE_STRIP = NO;
				DEBUG_INFORMATION_FORMAT = "dwarf-with-dsym";
				ENABLE_NS_ASSERTIONS = NO;
				ENABLE_STRICT_OBJC_MSGSEND = YES;
				GCC_C_LANGUAGE_STANDARD = gnu11;
				GCC_NO_COMMON_BLOCKS = YES;
				GCC_WARN_64_TO_32_BIT_CONVERSION = YES;
				GCC_WARN_ABOUT_RETURN_TYPE = YES_ERROR;
				GCC_WARN_UNDECLARED_SELECTOR = YES;
				GCC_WARN_UNINITIALIZED_AUTOS = YES_AGGRESSIVE;
				GCC_WARN_UNUSED_FUNCTION = YES;
				GCC_WARN_UNUSED_VARIABLE = YES;
				IPHONEOS_DEPLOYMENT_TARGET = 16.1;
				MTL_ENABLE_DEBUG_INFO = NO;
				MTL_FAST_MATH = YES;
				SDKROOT = iphoneos;
				SWIFT_COMPILATION_MODE = wholemodule;
				SWIFT_OPTIMIZATION_LEVEL = "-O";
				VALIDATE_PRODUCT = YES;
			};
			name = Release;
		};
		BA5FA9C72BAEC95600319765 /* Debug */ = {
			isa = XCBuildConfiguration;
			buildSettings = {
				ASSETCATALOG_COMPILER_APPICON_NAME = AppIcon;
				ASSETCATALOG_COMPILER_GLOBAL_ACCENT_COLOR_NAME = AccentColor;
				CODE_SIGN_STYLE = Automatic;
				CURRENT_PROJECT_VERSION = 1;
				GENERATE_INFOPLIST_FILE = YES;
				INFOPLIST_FILE = UserWallet/Info.plist;
				INFOPLIST_KEY_UIApplicationSupportsIndirectInputEvents = YES;
				INFOPLIST_KEY_UILaunchStoryboardName = LaunchScreen;
				INFOPLIST_KEY_UIMainStoryboardFile = Main;
				INFOPLIST_KEY_UISupportedInterfaceOrientations_iPad = "UIInterfaceOrientationPortrait UIInterfaceOrientationPortraitUpsideDown UIInterfaceOrientationLandscapeLeft UIInterfaceOrientationLandscapeRight";
				INFOPLIST_KEY_UISupportedInterfaceOrientations_iPhone = "UIInterfaceOrientationPortrait UIInterfaceOrientationLandscapeLeft UIInterfaceOrientationLandscapeRight";
				LD_RUNPATH_SEARCH_PATHS = (
					"$(inherited)",
					"@executable_path/Frameworks",
				);
				MARKETING_VERSION = 1.0;
				PRODUCT_BUNDLE_IDENTIFIER = com.Karthick.UserWallet;
				PRODUCT_NAME = "$(TARGET_NAME)";
				SWIFT_EMIT_LOC_STRINGS = YES;
				SWIFT_VERSION = 5.0;
				TARGETED_DEVICE_FAMILY = "1,2";
			};
			name = Debug;
		};
		BA5FA9C82BAEC95600319765 /* Release */ = {
			isa = XCBuildConfiguration;
			buildSettings = {
				ASSETCATALOG_COMPILER_APPICON_NAME = AppIcon;
				ASSETCATALOG_COMPILER_GLOBAL_ACCENT_COLOR_NAME = AccentColor;
				CODE_SIGN_STYLE = Automatic;
				CURRENT_PROJECT_VERSION = 1;
				GENERATE_INFOPLIST_FILE = YES;
				INFOPLIST_FILE = UserWallet/Info.plist;
				INFOPLIST_KEY_UIApplicationSupportsIndirectInputEvents = YES;
				INFOPLIST_KEY_UILaunchStoryboardName = LaunchScreen;
				INFOPLIST_KEY_UIMainStoryboardFile = Main;
				INFOPLIST_KEY_UISupportedInterfaceOrientations_iPad = "UIInterfaceOrientationPortrait UIInterfaceOrientationPortraitUpsideDown UIInterfaceOrientationLandscapeLeft UIInterfaceOrientationLandscapeRight";
				INFOPLIST_KEY_UISupportedInterfaceOrientations_iPhone = "UIInterfaceOrientationPortrait UIInterfaceOrientationLandscapeLeft UIInterfaceOrientationLandscapeRight";
				LD_RUNPATH_SEARCH_PATHS = (
					"$(inherited)",
					"@executable_path/Frameworks",
				);
				MARKETING_VERSION = 1.0;
				PRODUCT_BUNDLE_IDENTIFIER = com.Karthick.UserWallet;
				PRODUCT_NAME = "$(TARGET_NAME)";
				SWIFT_EMIT_LOC_STRINGS = YES;
				SWIFT_VERSION = 5.0;
				TARGETED_DEVICE_FAMILY = "1,2";
			};
			name = Release;
		};
/* End XCBuildConfiguration section */

/* Begin XCConfigurationList section */
		BA5FA9AD2BAEC95500319765 /* Build configuration list for PBXProject "UserWallet" */ = {
			isa = XCConfigurationList;
			buildConfigurations = (
				BA5FA9C42BAEC95600319765 /* Debug */,
				BA5FA9C52BAEC95600319765 /* Release */,
			);
			defaultConfigurationIsVisible = 0;
			defaultConfigurationName = Release;
		};
		BA5FA9C62BAEC95600319765 /* Build configuration list for PBXNativeTarget "UserWallet" */ = {
			isa = XCConfigurationList;
			buildConfigurations = (
				BA5FA9C72BAEC95600319765 /* Debug */,
				BA5FA9C82BAEC95600319765 /* Release */,
			);
			defaultConfigurationIsVisible = 0;
			defaultConfigurationName = Release;
		};
/* End XCConfigurationList section */
	};
	rootObject = BA5FA9AA2BAEC95500319765 /* Project object */;
}
